Microsoft Visual Studio Solution File, Format Version 12.00
# Visual Studio Version 17
VisualStudioVersion = 17.5.2.0
MinimumVisualStudioVersion = 10.0.40219.1
Project("{FAE04EC0-301F-11D3-BF4B-00C04F79EFBC}") = "IntCollections", "IntCollections.csproj", "{4EADC54D-DBDD-ACCC-B1F6-03759E2EF268}"
EndProject
Global
	GlobalSection(SolutionConfigurationPlatforms) = preSolution
		Debug|Any CPU = Debug|Any CPU
		Release|Any CPU = Release|Any CPU
	EndGlobalSection
	GlobalSection(ProjectConfigurationPlatforms) = postSolution
		{4EADC54D-DBDD-ACCC-B1F6-03759E2EF268}.Debug|Any CPU.ActiveCfg = Debug|Any CPU
		{4EADC54D-DBDD-ACCC-B1F6-03759E2EF268}.Debug|Any CPU.Build.0 = Debug|Any CPU
		{4EADC54D-DBDD-ACCC-B1F6-03759E2EF268}.Release|Any CPU.ActiveCfg = Release|Any CPU
		{4EADC54D-DBDD-ACCC-B1F6-03759E2EF268}.Release|Any CPU.Build.0 = Release|Any CPU
	EndGlobalSection
	GlobalSection(SolutionProperties) = preSolution
		HideSolutionNode = FALSE
	EndGlobalSection
	GlobalSection(ExtensibilityGlobals) = postSolution
		SolutionGuid = {F607E004-D4F6-4D2B-8B0D-8C99E41B6A23}
	EndGlobalSection
EndGlobal
